
Microsoft Visual Studio Solution File, Format Version 11.00
# Visual Studio 2010
Project("{FAE04EC0-301F-11D3-BF4B-00C04F79EFBC}") = "kimsufi", "kimsufi\kimsufi.csproj", "{CBB1054E-58D6-4EAE-90A7-861FEE36720C}"
EndProject
Global
	GlobalSection(SolutionConfigurationPlatforms) = preSolution
		Debug|x86 = Debug|x86
		Release|x86 = Release|x86
	EndGlobalSection
	GlobalSection(ProjectConfigurationPlatforms) = postSolution
		{CBB1054E-58D6-4EAE-90A7-861FEE36720C}.Debug|x86.ActiveCfg = Debug|x86
		{CBB1054E-58D6-4EAE-90A7-861FEE36720C}.Debug|x86.Build.0 = Debug|x86
		{CBB1054E-58D6-4EAE-90A7-861FEE36720C}.Release|x86.ActiveCfg = Release|x86
		{CBB1054E-58D6-4EAE-90A7-861FEE36720C}.Release|x86.Build.0 = Release|x86
	EndGlobalSection
	GlobalSection(SolutionProperties) = preSolution
		HideSolutionNode = FALSE
	EndGlobalSection
EndGlobal
